
Microsoft Visual Studio Solution File, Format Version 12.00
# Visual Studio Version 17
VisualStudioVersion = 17.9.34622.214
MinimumVisualStudioVersion = 10.0.40219.1
Project("{FAE04EC0-301F-11D3-BF4B-00C04F79EFBC}") = "OP11.1", "OP11.1\OP11.1.csproj", "{2D30B33E-9A24-486B-9D86-BA01176529BB}"
EndProject
Global
	GlobalSection(SolutionConfigurationPlatforms) = preSolution
		Debug|Any CPU = Debug|Any CPU
		Release|Any CPU = Release|Any CPU
	EndGlobalSection
	GlobalSection(ProjectConfigurationPlatforms) = postSolution
		{2D30B33E-9A24-486B-9D86-BA01176529BB}.Debug|Any CPU.ActiveCfg = Debug|Any CPU
		{2D30B33E-9A24-486B-9D86-BA01176529BB}.Debug|Any CPU.Build.0 = Debug|Any CPU
		{2D30B33E-9A24-486B-9D86-BA01176529BB}.Release|Any CPU.ActiveCfg = Release|Any CPU
		{2D30B33E-9A24-486B-9D86-BA01176529BB}.Release|Any CPU.Build.0 = Release|Any CPU
	EndGlobalSection
	GlobalSection(SolutionProperties) = preSolution
		HideSolutionNode = FALSE
	EndGlobalSection
	GlobalSection(ExtensibilityGlobals) = postSolution
		SolutionGuid = {BFCAA169-5A27-4E73-9256-98ADBDE37921}
	EndGlobalSection
EndGlobal
